{
  "name": "frontend-distribution-router",
  "version": "1.0.0",
  "lockfileVersion": 1,
  "requires": true,
  "dependencies": {
    "path-to-regexp": {
      "version": "6.2.1",
      "resolved": "http://artifactory.intra.xiaojukeji.com/artifactory/api/npm/npm/path-to-regexp/-/path-to-regexp-6.2.1.tgz?dl=https%3A%2F%2Fregistry.npmmirror.com%2Fpath-to-regexp%2F-%2Fpath-to-regexp-6.2.1.tgz",
      "integrity": "sha1-1Uk01nmOueXvFOeveWLJRZBpGOU="
    }
  }
}
